// !$*UTF8*$!
{
	archiveVersion = 1;
	classes = {
	};
	objectVersion = 46;
	objects = {

/* Begin PBXBuildFile section */
		C058BE461C99004F00866534 /* AppDelegate.swift in Sources */ = {isa = PBXBuildFile; fileRef = C058BE451C99004F00866534 /* AppDelegate.swift */; };
		C058BE481C99004F00866534 /* ViewController.swift in Sources */ = {isa = PBXBuildFile; fileRef = C058BE471C99004F00866534 /* ViewController.swift */; };
		C058BE4B1C99004F00866534 /* Main.storyboard in Resources */ = {isa = PBXBuildFile; fileRef = C058BE491C99004F00866534 /* Main.storyboard */; };
		C058BE4D1C99004F00866534 /* Assets.xcassets in Resources */ = {isa = PBXBuildFile; fileRef = C058BE4C1C99004F00866534 /* Assets.xcassets */; };
		C058BE501C99004F00866534 /* LaunchScreen.storyboard in Resources */ = {isa = PBXBuildFile; fileRef = C058BE4E1C99004F00866534 /* LaunchScreen.storyboard */; };
/* End PBXBuildFile section */

/* Begin PBXFileReference section */
		C058BE421C99004F00866534 /* ValueConverter.app */ = {isa = PBXFileReference; explicitFileType = wrapper.application; includeInIndex = 0; path = ValueConverter.app; sourceTree = BUILT_PRODUCTS_DIR; };
		C058BE451C99004F00866534 /* AppDelegate.swift */ = {isa = PBXFileReference; lastKnownFileType = sourcecode.swift; path = AppDelegate.swift; sourceTree = "<group>"; };
		C058BE471C99004F00866534 /* ViewController.swift */ = {isa = PBXFileReference; lastKnownFileType = sourcecode.swift; path = ViewController.swift; sourceTree = "<group>"; };
		C058BE4A1C99004F00866534 /* Base */ = {isa = PBXFileReference; lastKnownFileType = file.storyboard; name = Base; path = Base.lproj/Main.storyboard; sourceTree = "<group>"; };
		C058BE4C1C99004F00866534 /* Assets.xcassets */ = {isa = PBXFileReference; lastKnownFileType = folder.assetcatalog; path = Assets.xcassets; sourceTree = "<group>"; };
		C058BE4F1C99004F00866534 /* Base */ = {isa = PBXFileReference; lastKnownFileType = file.storyboard; name = Base; path = Base.lproj/LaunchScreen.storyboard; sourceTree = "<group>"; };
		C058BE511C99004F00866534 /* Info.plist */ = {isa = PBXFileReference; lastKnownFileType = text.plist.xml; path = Info.plist; sourceTree = "<group>"; };
/* End PBXFileReference section */

/* Begin PBXFrameworksBuildPhase section */
		C058BE3F1C99004F00866534 /* Frameworks */ = {
			isa = PBXFrameworksBuildPhase;
			buildActionMask = 2147483647;
			files = (
			);
			runOnlyForDeploymentPostprocessing = 0;
		};
/* End PBXFrameworksBuildPhase section */

/* Begin PBXGroup section */
		C058BE391C99004F00866534 = {
			isa = PBXGroup;
			children = (
				C058BE441C99004F00866534 /* ValueConverter */,
				C058BE431C99004F00866534 /* Products */,
			);
			sourceTree = "<group>";
		};
		C058BE431C99004F00866534 /* Products */ = {
			isa = PBXGroup;
			children = (
				C058BE421C99004F00866534 /* ValueConverter.app */,
			);
			name = Products;
			sourceTree = "<group>";
		};
		C058BE441C99004F00866534 /* ValueConverter */ = {
			isa = PBXGroup;
			children = (
				C058BE451C99004F00866534 /* AppDelegate.swift */,
				C058BE471C99004F00866534 /* ViewController.swift */,
				C058BE491C99004F00866534 /* Main.storyboard */,
				C058BE4C1C99004F00866534 /* Assets.xcassets */,
				C058BE4E1C99004F00866534 /* LaunchScreen.storyboard */,
				C058BE511C99004F00866534 /* Info.plist */,
			);
			path = ValueConverter;
			sourceTree = "<group>";
		};
/* End PBXGroup section */

/* Begin PBXNativeTarget section */
		C058BE411C99004F00866534 /* ValueConverter */ = {
			isa = PBXNativeTarget;
			buildConfigurationList = C058BE541C99004F00866534 /* Build configuration list for PBXNativeTarget "ValueConverter" */;
			buildPhases = (
				C058BE3E1C99004F00866534 /* Sources */,
				C058BE3F1C99004F00866534 /* Frameworks */,
				C058BE401C99004F00866534 /* Resources */,
			);
			buildRules = (
			);
			dependencies = (
			);
			name = ValueConverter;
			productName = ValueConverter;
			productReference = C058BE421C99004F00866534 /* ValueConverter.app */;
			productType = "com.apple.product-type.application";
		};
/* End PBXNativeTarget section */

/* Begin PBXProject section */
		C058BE3A1C99004F00866534 /* Project object */ = {
			isa = PBXProject;
			attributes = {
				LastSwiftUpdateCheck = 0720;
				LastUpgradeCheck = 0720;
				ORGANIZATIONNAME = CSUSM;
				TargetAttributes = {
					C058BE411C99004F00866534 = {
						CreatedOnToolsVersion = 7.2.1;
						DevelopmentTeam = XD3G7X6RW3;
					};
				};
			};
			buildConfigurationList = C058BE3D1C99004F00866534 /* Build configuration list for PBXProject "ValueConverter" */;
			compatibilityVersion = "Xcode 3.2";
			developmentRegion = English;
			hasScannedForEncodings = 0;
			knownRegions = (
				en,
				Base,
			);
			mainGroup = C058BE391C99004F00866534;
			productRefGroup = C058BE431C99004F00866534 /* Products */;
			projectDirPath = "";
			projectRoot = "";
			targets = (
				C058BE411C99004F00866534 /* ValueConverter */,
			);
		};
/* End PBXProject section */

/* Begin PBXResourcesBuildPhase section */
		C058BE401C99004F00866534 /* Resources */ = {
			isa = PBXResourcesBuildPhase;
			buildActionMask = 2147483647;
			files = (
				C058BE501C99004F00866534 /* LaunchScreen.storyboard in Resources */,
				C058BE4D1C99004F00866534 /* Assets.xcassets in Resources */,
				C058BE4B1C99004F00866534 /* Main.storyboard in Resources */,
			);
			runOnlyForDeploymentPostprocessing = 0;
		};
/* End PBXResourcesBuildPhase section */

/* Begin PBXSourcesBuildPhase section */
		C058BE3E1C99004F00866534 /* Sources */ = {
			isa = PBXSourcesBuildPhase;
			buildActionMask = 2147483647;
			files = (
				C058BE481C99004F00866534 /* ViewController.swift in Sources */,
				C058BE461C99004F00866534 /* AppDelegate.swift in Sources */,
			);
			runOnlyForDeploymentPostprocessing = 0;
		};
/* End PBXSourcesBuildPhase section */

/* Begin PBXVariantGroup section */
		C058BE491C99004F00866534 /* Main.storyboard */ = {
			isa = PBXVariantGroup;
			children = (
				C058BE4A1C99004F00866534 /* Base */,
			);
			name = Main.storyboard;
			sourceTree = "<group>";
		};
		C058BE4E1C99004F00866534 /* LaunchScreen.storyboard */ = {
			isa = PBXVariantGroup;
			children = (
				C058BE4F1C99004F00866534 /* Base */,
			);
			name = LaunchScreen.storyboard;
			sourceTree = "<group>";
		};
/* End PBXVariantGroup section */

/* Begin XCBuildConfiguration section */
		C058BE521C99004F00866534 /* Debug */ = {
			isa = XCBuildConfiguration;
			buildSettings = {
				ALWAYS_SEARCH_USER_PATHS = NO;
				CLANG_CXX_LANGUAGE_STANDARD = "gnu++0x";
				CLANG_CXX_LIBRARY = "libc++";
				CLANG_ENABLE_MODULES = YES;
				CLANG_ENABLE_OBJC_ARC = YES;
				CLANG_WARN_BOOL_CONVERSION = YES;
				CLANG_WARN_CONSTANT_CONVERSION = YES;
				CLANG_WARN_DIRECT_OBJC_ISA_USAGE = YES_ERROR;
				CLANG_WARN_EMPTY_BODY = YES;
				CLANG_WARN_ENUM_CONVERSION = YES;
				CLANG_WARN_INT_CONVERSION = YES;
				CLANG_WARN_OBJC_ROOT_CLASS = YES_ERROR;
				CLANG_WARN_UNREACHABLE_CODE = YES;
				CLANG_WARN__DUPLICATE_METHOD_MATCH = YES;
				"CODE_SIGN_IDENTITY[sdk=iphoneos*]" = "iPhone Developer";
				COPY_PHASE_STRIP = NO;
				DEBUG_INFORMATION_FORMAT = dwarf;
				ENABLE_STRICT_OBJC_MSGSEND = YES;
				ENABLE_TESTABILITY = YES;
				GCC_C_LANGUAGE_STANDARD = gnu99;
				GCC_DYNAMIC_NO_PIC = NO;
				GCC_NO_COMMON_BLOCKS = YES;
				GCC_OPTIMIZATION_LEVEL = 0;
				GCC_PREPROCESSOR_DEFINITIONS = (
					"DEBUG=1",
					"$(inherited)",
				);
				GCC_WARN_64_TO_32_BIT_CONVERSION = YES;
				GCC_WARN_ABOUT_RETURN_TYPE = YES_ERROR;
				GCC_WARN_UNDECLARED_SELECTOR = YES;
				GCC_WARN_UNINITIALIZED_AUTOS = YES_AGGRESSIVE;
				GCC_WARN_UNUSED_FUNCTION = YES;
				GCC_WARN_UNUSED_VARIABLE = YES;
				IPHONEOS_DEPLOYMENT_TARGET = 9.2;
				MTL_ENABLE_DEBUG_INFO = YES;
				ONLY_ACTIVE_ARCH = YES;
				SDKROOT = iphoneos;
				SWIFT_OPTIMIZATION_LEVEL = "-Onone";
			};
			name = Debug;
		};
		C058BE531C99004F00866534 /* Release */ = {
			isa = XCBuildConfiguration;
			buildSettings = {
				ALWAYS_SEARCH_USER_PATHS = NO;
				CLANG_CXX_LANGUAGE_STANDARD = "gnu++0x";
				CLANG_CXX_LIBRARY = "libc++";
				CLANG_ENABLE_MODULES = YES;
				CLANG_ENABLE_OBJC_ARC = YES;
				CLANG_WARN_BOOL_CONVERSION = YES;
				CLANG_WARN_CONSTANT_CONVERSION = YES;
				CLANG_WARN_DIRECT_OBJC_ISA_USAGE = YES_ERROR;
				CLANG_WARN_EMPTY_BODY = YES;
				CLANG_WARN_ENUM_CONVERSION = YES;
				CLANG_WARN_INT_CONVERSION = YES;
				CLANG_WARN_OBJC_ROOT_CLASS = YES_ERROR;
				CLANG_WARN_UNREACHABLE_CODE = YES;
				CLANG_WARN__DUPLICATE_METHOD_MATCH = YES;
				"CODE_SIGN_IDENTITY[sdk=iphoneos*]" = "iPhone Developer";
				COPY_PHASE_STRIP = NO;
				DEBUG_INFORMATION_FORMAT = "dwarf-with-dsym";
				ENABLE_NS_ASSERTIONS = NO;
				ENABLE_STRICT_OBJC_MSGSEND = YES;
				GCC_C_LANGUAGE_STANDARD = gnu99;
				GCC_NO_COMMON_BLOCKS = YES;
				GCC_WARN_64_TO_32_BIT_CONVERSION = YES;
				GCC_WARN_ABOUT_RETURN_TYPE = YES_ERROR;
				GCC_WARN_UNDECLARED_SELECTOR = YES;
				GCC_WARN_UNINITIALIZED_AUTOS = YES_AGGRESSIVE;
				GCC_WARN_UNUSED_FUNCTION = YES;
				GCC_WARN_UNUSED_VARIABLE = YES;
				IPHONEOS_DEPLOYMENT_TARGET = 9.2;
				MTL_ENABLE_DEBUG_INFO = NO;
				SDKROOT = iphoneos;
				VALIDATE_PRODUCT = YES;
			};
			name = Release;
		};
		C058BE551C99004F00866534 /* Debug */ = {
			isa = XCBuildConfiguration;
			buildSettings = {
				ASSETCATALOG_COMPILER_APPICON_NAME = AppIcon;
				CODE_SIGN_IDENTITY = "iPhone Developer";
				"CODE_SIGN_IDENTITY[sdk=iphoneos*]" = "iPhone Developer";
				INFOPLIST_FILE = ValueConverter/Info.plist;
				LD_RUNPATH_SEARCH_PATHS = "$(inherited) @executable_path/Frameworks";
				PRODUCT_BUNDLE_IDENTIFIER = me.gabev.ValueConverter;
				PRODUCT_NAME = "$(TARGET_NAME)";
				PROVISIONING_PROFILE = "";
			};
			name = Debug;
		};
		C058BE561C99004F00866534 /* Release */ = {
			isa = XCBuildConfiguration;
			buildSettings = {
				ASSETCATALOG_COMPILER_APPICON_NAME = AppIcon;
				CODE_SIGN_IDENTITY = "iPhone Developer";
				"CODE_SIGN_IDENTITY[sdk=iphoneos*]" = "iPhone Developer";
				INFOPLIST_FILE = ValueConverter/Info.plist;
				LD_RUNPATH_SEARCH_PATHS = "$(inherited) @executable_path/Frameworks";
				PRODUCT_BUNDLE_IDENTIFIER = me.gabev.ValueConverter;
				PRODUCT_NAME = "$(TARGET_NAME)";
				PROVISIONING_PROFILE = "";
			};
			name = Release;
		};
/* End XCBuildConfiguration section */

/* Begin XCConfigurationList section */
		C058BE3D1C99004F00866534 /* Build configuration list for PBXProject "ValueConverter" */ = {
			isa = XCConfigurationList;
			buildConfigurations = (
				C058BE521C99004F00866534 /* Debug */,
				C058BE531C99004F00866534 /* Release */,
			);
			defaultConfigurationIsVisible = 0;
			defaultConfigurationName = Release;
		};
		C058BE541C99004F00866534 /* Build configuration list for PBXNativeTarget "ValueConverter" */ = {
			isa = XCConfigurationList;
			buildConfigurations = (
				C058BE551C99004F00866534 /* Debug */,
				C058BE561C99004F00866534 /* Release */,
			);
			defaultConfigurationIsVisible = 0;
		};
/* End XCConfigurationList section */
	};
	rootObject = C058BE3A1C99004F00866534 /* Project object */;
}
