// !$*UTF8*$!
{
	archiveVersion = 1;
	classes = {
	};
	objectVersion = 46;
	objects = {

/* Begin PBXBuildFile section */
		C0F2BDE31CB2386C00C77722 /* AppDelegate.swift in Sources */ = {isa = PBXBuildFile; fileRef = C0F2BDE21CB2386C00C77722 /* AppDelegate.swift */; };
		C0F2BDE51CB2386C00C77722 /* ViewController.swift in Sources */ = {isa = PBXBuildFile; fileRef = C0F2BDE41CB2386C00C77722 /* ViewController.swift */; };
		C0F2BDE81CB2386C00C77722 /* Main.storyboard in Resources */ = {isa = PBXBuildFile; fileRef = C0F2BDE61CB2386C00C77722 /* Main.storyboard */; };
		C0F2BDEA1CB2386C00C77722 /* Assets.xcassets in Resources */ = {isa = PBXBuildFile; fileRef = C0F2BDE91CB2386C00C77722 /* Assets.xcassets */; };
		C0F2BDED1CB2386C00C77722 /* LaunchScreen.storyboard in Resources */ = {isa = PBXBuildFile; fileRef = C0F2BDEB1CB2386C00C77722 /* LaunchScreen.storyboard */; };
		C0F2BDF51CB238BB00C77722 /* DatePickerViewController.swift in Sources */ = {isa = PBXBuildFile; fileRef = C0F2BDF41CB238BB00C77722 /* DatePickerViewController.swift */; };
		C0F2BDF71CB238DB00C77722 /* SingleComponentPickerViewController.swift in Sources */ = {isa = PBXBuildFile; fileRef = C0F2BDF61CB238DB00C77722 /* SingleComponentPickerViewController.swift */; };
		C0F2BDF91CB238EA00C77722 /* DoubleComponentPickerViewController.swift in Sources */ = {isa = PBXBuildFile; fileRef = C0F2BDF81CB238EA00C77722 /* DoubleComponentPickerViewController.swift */; };
		C0F2BDFB1CB238F900C77722 /* DependentComponentPickerViewController.swift in Sources */ = {isa = PBXBuildFile; fileRef = C0F2BDFA1CB238F900C77722 /* DependentComponentPickerViewController.swift */; };
		C0F2BDFD1CB2390600C77722 /* CustomPickerViewController.swift in Sources */ = {isa = PBXBuildFile; fileRef = C0F2BDFC1CB2390600C77722 /* CustomPickerViewController.swift */; };
		C0F2BDFF1CB382AB00C77722 /* statedictionary.plist in Resources */ = {isa = PBXBuildFile; fileRef = C0F2BDFE1CB382AB00C77722 /* statedictionary.plist */; };
/* End PBXBuildFile section */

/* Begin PBXFileReference section */
		C0F2BDDF1CB2386C00C77722 /* Pickers.app */ = {isa = PBXFileReference; explicitFileType = wrapper.application; includeInIndex = 0; path = Pickers.app; sourceTree = BUILT_PRODUCTS_DIR; };
		C0F2BDE21CB2386C00C77722 /* AppDelegate.swift */ = {isa = PBXFileReference; lastKnownFileType = sourcecode.swift; path = AppDelegate.swift; sourceTree = "<group>"; };
		C0F2BDE41CB2386C00C77722 /* ViewController.swift */ = {isa = PBXFileReference; lastKnownFileType = sourcecode.swift; path = ViewController.swift; sourceTree = "<group>"; };
		C0F2BDE71CB2386C00C77722 /* Base */ = {isa = PBXFileReference; lastKnownFileType = file.storyboard; name = Base; path = Base.lproj/Main.storyboard; sourceTree = "<group>"; };
		C0F2BDE91CB2386C00C77722 /* Assets.xcassets */ = {isa = PBXFileReference; lastKnownFileType = folder.assetcatalog; path = Assets.xcassets; sourceTree = "<group>"; };
		C0F2BDEC1CB2386C00C77722 /* Base */ = {isa = PBXFileReference; lastKnownFileType = file.storyboard; name = Base; path = Base.lproj/LaunchScreen.storyboard; sourceTree = "<group>"; };
		C0F2BDEE1CB2386C00C77722 /* Info.plist */ = {isa = PBXFileReference; lastKnownFileType = text.plist.xml; path = Info.plist; sourceTree = "<group>"; };
		C0F2BDF41CB238BB00C77722 /* DatePickerViewController.swift */ = {isa = PBXFileReference; fileEncoding = 4; lastKnownFileType = sourcecode.swift; path = DatePickerViewController.swift; sourceTree = "<group>"; };
		C0F2BDF61CB238DB00C77722 /* SingleComponentPickerViewController.swift */ = {isa = PBXFileReference; fileEncoding = 4; lastKnownFileType = sourcecode.swift; path = SingleComponentPickerViewController.swift; sourceTree = "<group>"; };
		C0F2BDF81CB238EA00C77722 /* DoubleComponentPickerViewController.swift */ = {isa = PBXFileReference; fileEncoding = 4; lastKnownFileType = sourcecode.swift; path = DoubleComponentPickerViewController.swift; sourceTree = "<group>"; };
		C0F2BDFA1CB238F900C77722 /* DependentComponentPickerViewController.swift */ = {isa = PBXFileReference; fileEncoding = 4; lastKnownFileType = sourcecode.swift; path = DependentComponentPickerViewController.swift; sourceTree = "<group>"; };
		C0F2BDFC1CB2390600C77722 /* CustomPickerViewController.swift */ = {isa = PBXFileReference; fileEncoding = 4; lastKnownFileType = sourcecode.swift; path = CustomPickerViewController.swift; sourceTree = "<group>"; };
		C0F2BDFE1CB382AB00C77722 /* statedictionary.plist */ = {isa = PBXFileReference; fileEncoding = 4; lastKnownFileType = text.plist.xml; path = statedictionary.plist; sourceTree = "<group>"; };
/* End PBXFileReference section */

/* Begin PBXFrameworksBuildPhase section */
		C0F2BDDC1CB2386C00C77722 /* Frameworks */ = {
			isa = PBXFrameworksBuildPhase;
			buildActionMask = 2147483647;
			files = (
			);
			runOnlyForDeploymentPostprocessing = 0;
		};
/* End PBXFrameworksBuildPhase section */

/* Begin PBXGroup section */
		C0F2BDD61CB2386C00C77722 = {
			isa = PBXGroup;
			children = (
				C0F2BDE11CB2386C00C77722 /* Pickers */,
				C0F2BDE01CB2386C00C77722 /* Products */,
			);
			sourceTree = "<group>";
		};
		C0F2BDE01CB2386C00C77722 /* Products */ = {
			isa = PBXGroup;
			children = (
				C0F2BDDF1CB2386C00C77722 /* Pickers.app */,
			);
			name = Products;
			sourceTree = "<group>";
		};
		C0F2BDE11CB2386C00C77722 /* Pickers */ = {
			isa = PBXGroup;
			children = (
				C0F2BDFE1CB382AB00C77722 /* statedictionary.plist */,
				C0F2BDE21CB2386C00C77722 /* AppDelegate.swift */,
				C0F2BDE41CB2386C00C77722 /* ViewController.swift */,
				C0F2BDE61CB2386C00C77722 /* Main.storyboard */,
				C0F2BDE91CB2386C00C77722 /* Assets.xcassets */,
				C0F2BDEB1CB2386C00C77722 /* LaunchScreen.storyboard */,
				C0F2BDEE1CB2386C00C77722 /* Info.plist */,
				C0F2BDF41CB238BB00C77722 /* DatePickerViewController.swift */,
				C0F2BDF61CB238DB00C77722 /* SingleComponentPickerViewController.swift */,
				C0F2BDF81CB238EA00C77722 /* DoubleComponentPickerViewController.swift */,
				C0F2BDFA1CB238F900C77722 /* DependentComponentPickerViewController.swift */,
				C0F2BDFC1CB2390600C77722 /* CustomPickerViewController.swift */,
			);
			path = Pickers;
			sourceTree = "<group>";
		};
/* End PBXGroup section */

/* Begin PBXNativeTarget section */
		C0F2BDDE1CB2386C00C77722 /* Pickers */ = {
			isa = PBXNativeTarget;
			buildConfigurationList = C0F2BDF11CB2386C00C77722 /* Build configuration list for PBXNativeTarget "Pickers" */;
			buildPhases = (
				C0F2BDDB1CB2386C00C77722 /* Sources */,
				C0F2BDDC1CB2386C00C77722 /* Frameworks */,
				C0F2BDDD1CB2386C00C77722 /* Resources */,
			);
			buildRules = (
			);
			dependencies = (
			);
			name = Pickers;
			productName = Pickers;
			productReference = C0F2BDDF1CB2386C00C77722 /* Pickers.app */;
			productType = "com.apple.product-type.application";
		};
/* End PBXNativeTarget section */

/* Begin PBXProject section */
		C0F2BDD71CB2386C00C77722 /* Project object */ = {
			isa = PBXProject;
			attributes = {
				LastSwiftUpdateCheck = 0730;
				LastUpgradeCheck = 0730;
				ORGANIZATIONNAME = CSUSM;
				TargetAttributes = {
					C0F2BDDE1CB2386C00C77722 = {
						CreatedOnToolsVersion = 7.3;
						DevelopmentTeam = XD3G7X6RW3;
					};
				};
			};
			buildConfigurationList = C0F2BDDA1CB2386C00C77722 /* Build configuration list for PBXProject "Pickers" */;
			compatibilityVersion = "Xcode 3.2";
			developmentRegion = English;
			hasScannedForEncodings = 0;
			knownRegions = (
				en,
				Base,
			);
			mainGroup = C0F2BDD61CB2386C00C77722;
			productRefGroup = C0F2BDE01CB2386C00C77722 /* Products */;
			projectDirPath = "";
			projectRoot = "";
			targets = (
				C0F2BDDE1CB2386C00C77722 /* Pickers */,
			);
		};
/* End PBXProject section */

/* Begin PBXResourcesBuildPhase section */
		C0F2BDDD1CB2386C00C77722 /* Resources */ = {
			isa = PBXResourcesBuildPhase;
			buildActionMask = 2147483647;
			files = (
				C0F2BDED1CB2386C00C77722 /* LaunchScreen.storyboard in Resources */,
				C0F2BDEA1CB2386C00C77722 /* Assets.xcassets in Resources */,
				C0F2BDFF1CB382AB00C77722 /* statedictionary.plist in Resources */,
				C0F2BDE81CB2386C00C77722 /* Main.storyboard in Resources */,
			);
			runOnlyForDeploymentPostprocessing = 0;
		};
/* End PBXResourcesBuildPhase section */

/* Begin PBXSourcesBuildPhase section */
		C0F2BDDB1CB2386C00C77722 /* Sources */ = {
			isa = PBXSourcesBuildPhase;
			buildActionMask = 2147483647;
			files = (
				C0F2BDE51CB2386C00C77722 /* ViewController.swift in Sources */,
				C0F2BDE31CB2386C00C77722 /* AppDelegate.swift in Sources */,
				C0F2BDFB1CB238F900C77722 /* DependentComponentPickerViewController.swift in Sources */,
				C0F2BDF91CB238EA00C77722 /* DoubleComponentPickerViewController.swift in Sources */,
				C0F2BDFD1CB2390600C77722 /* CustomPickerViewController.swift in Sources */,
				C0F2BDF71CB238DB00C77722 /* SingleComponentPickerViewController.swift in Sources */,
				C0F2BDF51CB238BB00C77722 /* DatePickerViewController.swift in Sources */,
			);
			runOnlyForDeploymentPostprocessing = 0;
		};
/* End PBXSourcesBuildPhase section */

/* Begin PBXVariantGroup section */
		C0F2BDE61CB2386C00C77722 /* Main.storyboard */ = {
			isa = PBXVariantGroup;
			children = (
				C0F2BDE71CB2386C00C77722 /* Base */,
			);
			name = Main.storyboard;
			sourceTree = "<group>";
		};
		C0F2BDEB1CB2386C00C77722 /* LaunchScreen.storyboard */ = {
			isa = PBXVariantGroup;
			children = (
				C0F2BDEC1CB2386C00C77722 /* Base */,
			);
			name = LaunchScreen.storyboard;
			sourceTree = "<group>";
		};
/* End PBXVariantGroup section */

/* Begin XCBuildConfiguration section */
		C0F2BDEF1CB2386C00C77722 /* Debug */ = {
			isa = XCBuildConfiguration;
			buildSettings = {
				ALWAYS_SEARCH_USER_PATHS = NO;
				CLANG_ANALYZER_NONNULL = YES;
				CLANG_CXX_LANGUAGE_STANDARD = "gnu++0x";
				CLANG_CXX_LIBRARY = "libc++";
				CLANG_ENABLE_MODULES = YES;
				CLANG_ENABLE_OBJC_ARC = YES;
				CLANG_WARN_BOOL_CONVERSION = YES;
				CLANG_WARN_CONSTANT_CONVERSION = YES;
				CLANG_WARN_DIRECT_OBJC_ISA_USAGE = YES_ERROR;
				CLANG_WARN_EMPTY_BODY = YES;
				CLANG_WARN_ENUM_CONVERSION = YES;
				CLANG_WARN_INT_CONVERSION = YES;
				CLANG_WARN_OBJC_ROOT_CLASS = YES_ERROR;
				CLANG_WARN_UNREACHABLE_CODE = YES;
				CLANG_WARN__DUPLICATE_METHOD_MATCH = YES;
				"CODE_SIGN_IDENTITY[sdk=iphoneos*]" = "iPhone Developer";
				COPY_PHASE_STRIP = NO;
				DEBUG_INFORMATION_FORMAT = dwarf;
				ENABLE_STRICT_OBJC_MSGSEND = YES;
				ENABLE_TESTABILITY = YES;
				GCC_C_LANGUAGE_STANDARD = gnu99;
				GCC_DYNAMIC_NO_PIC = NO;
				GCC_NO_COMMON_BLOCKS = YES;
				GCC_OPTIMIZATION_LEVEL = 0;
				GCC_PREPROCESSOR_DEFINITIONS = (
					"DEBUG=1",
					"$(inherited)",
				);
				GCC_WARN_64_TO_32_BIT_CONVERSION = YES;
				GCC_WARN_ABOUT_RETURN_TYPE = YES_ERROR;
				GCC_WARN_UNDECLARED_SELECTOR = YES;
				GCC_WARN_UNINITIALIZED_AUTOS = YES_AGGRESSIVE;
				GCC_WARN_UNUSED_FUNCTION = YES;
				GCC_WARN_UNUSED_VARIABLE = YES;
				IPHONEOS_DEPLOYMENT_TARGET = 9.3;
				MTL_ENABLE_DEBUG_INFO = YES;
				ONLY_ACTIVE_ARCH = YES;
				SDKROOT = iphoneos;
				SWIFT_OPTIMIZATION_LEVEL = "-Onone";
				TARGETED_DEVICE_FAMILY = "1,2";
			};
			name = Debug;
		};
		C0F2BDF01CB2386C00C77722 /* Release */ = {
			isa = XCBuildConfiguration;
			buildSettings = {
				ALWAYS_SEARCH_USER_PATHS = NO;
				CLANG_ANALYZER_NONNULL = YES;
				CLANG_CXX_LANGUAGE_STANDARD = "gnu++0x";
				CLANG_CXX_LIBRARY = "libc++";
				CLANG_ENABLE_MODULES = YES;
				CLANG_ENABLE_OBJC_ARC = YES;
				CLANG_WARN_BOOL_CONVERSION = YES;
				CLANG_WARN_CONSTANT_CONVERSION = YES;
				CLANG_WARN_DIRECT_OBJC_ISA_USAGE = YES_ERROR;
				CLANG_WARN_EMPTY_BODY = YES;
				CLANG_WARN_ENUM_CONVERSION = YES;
				CLANG_WARN_INT_CONVERSION = YES;
				CLANG_WARN_OBJC_ROOT_CLASS = YES_ERROR;
				CLANG_WARN_UNREACHABLE_CODE = YES;
				CLANG_WARN__DUPLICATE_METHOD_MATCH = YES;
				"CODE_SIGN_IDENTITY[sdk=iphoneos*]" = "iPhone Developer";
				COPY_PHASE_STRIP = NO;
				DEBUG_INFORMATION_FORMAT = "dwarf-with-dsym";
				ENABLE_NS_ASSERTIONS = NO;
				ENABLE_STRICT_OBJC_MSGSEND = YES;
				GCC_C_LANGUAGE_STANDARD = gnu99;
				GCC_NO_COMMON_BLOCKS = YES;
				GCC_WARN_64_TO_32_BIT_CONVERSION = YES;
				GCC_WARN_ABOUT_RETURN_TYPE = YES_ERROR;
				GCC_WARN_UNDECLARED_SELECTOR = YES;
				GCC_WARN_UNINITIALIZED_AUTOS = YES_AGGRESSIVE;
				GCC_WARN_UNUSED_FUNCTION = YES;
				GCC_WARN_UNUSED_VARIABLE = YES;
				IPHONEOS_DEPLOYMENT_TARGET = 9.3;
				MTL_ENABLE_DEBUG_INFO = NO;
				SDKROOT = iphoneos;
				TARGETED_DEVICE_FAMILY = "1,2";
				VALIDATE_PRODUCT = YES;
			};
			name = Release;
		};
		C0F2BDF21CB2386C00C77722 /* Debug */ = {
			isa = XCBuildConfiguration;
			buildSettings = {
				ASSETCATALOG_COMPILER_APPICON_NAME = AppIcon;
				INFOPLIST_FILE = Pickers/Info.plist;
				IPHONEOS_DEPLOYMENT_TARGET = 9.2;
				LD_RUNPATH_SEARCH_PATHS = "$(inherited) @executable_path/Frameworks";
				PRODUCT_BUNDLE_IDENTIFIER = me.gabev.Pickers;
				PRODUCT_NAME = "$(TARGET_NAME)";
			};
			name = Debug;
		};
		C0F2BDF31CB2386C00C77722 /* Release */ = {
			isa = XCBuildConfiguration;
			buildSettings = {
				ASSETCATALOG_COMPILER_APPICON_NAME = AppIcon;
				INFOPLIST_FILE = Pickers/Info.plist;
				IPHONEOS_DEPLOYMENT_TARGET = 9.2;
				LD_RUNPATH_SEARCH_PATHS = "$(inherited) @executable_path/Frameworks";
				PRODUCT_BUNDLE_IDENTIFIER = me.gabev.Pickers;
				PRODUCT_NAME = "$(TARGET_NAME)";
			};
			name = Release;
		};
/* End XCBuildConfiguration section */

/* Begin XCConfigurationList section */
		C0F2BDDA1CB2386C00C77722 /* Build configuration list for PBXProject "Pickers" */ = {
			isa = XCConfigurationList;
			buildConfigurations = (
				C0F2BDEF1CB2386C00C77722 /* Debug */,
				C0F2BDF01CB2386C00C77722 /* Release */,
			);
			defaultConfigurationIsVisible = 0;
			defaultConfigurationName = Release;
		};
		C0F2BDF11CB2386C00C77722 /* Build configuration list for PBXNativeTarget "Pickers" */ = {
			isa = XCConfigurationList;
			buildConfigurations = (
				C0F2BDF21CB2386C00C77722 /* Debug */,
				C0F2BDF31CB2386C00C77722 /* Release */,
			);
			defaultConfigurationIsVisible = 0;
		};
/* End XCConfigurationList section */
	};
	rootObject = C0F2BDD71CB2386C00C77722 /* Project object */;
}
