// !$*UTF8*$!
{
	archiveVersion = 1;
	classes = {
	};
	objectVersion = 46;
	objects = {

/* Begin PBXBuildFile section */
		C055E42A1CCDB603001A2264 /* AppDelegate.swift in Sources */ = {isa = PBXBuildFile; fileRef = C055E4291CCDB603001A2264 /* AppDelegate.swift */; };
		C055E42F1CCDB603001A2264 /* Main.storyboard in Resources */ = {isa = PBXBuildFile; fileRef = C055E42D1CCDB603001A2264 /* Main.storyboard */; };
		C055E4311CCDB603001A2264 /* Assets.xcassets in Resources */ = {isa = PBXBuildFile; fileRef = C055E4301CCDB603001A2264 /* Assets.xcassets */; };
		C055E4341CCDB603001A2264 /* LaunchScreen.storyboard in Resources */ = {isa = PBXBuildFile; fileRef = C055E4321CCDB603001A2264 /* LaunchScreen.storyboard */; };
		C055E43C1CCDBE3D001A2264 /* QuestionList.swift in Sources */ = {isa = PBXBuildFile; fileRef = C055E43B1CCDBE3D001A2264 /* QuestionList.swift */; };
		C055E43E1CCDBF79001A2264 /* questions.plist in Resources */ = {isa = PBXBuildFile; fileRef = C055E43D1CCDBF79001A2264 /* questions.plist */; };
/* End PBXBuildFile section */

/* Begin PBXFileReference section */
		C055E4261CCDB603001A2264 /* QuizApp.app */ = {isa = PBXFileReference; explicitFileType = wrapper.application; includeInIndex = 0; path = QuizApp.app; sourceTree = BUILT_PRODUCTS_DIR; };
		C055E4291CCDB603001A2264 /* AppDelegate.swift */ = {isa = PBXFileReference; lastKnownFileType = sourcecode.swift; path = AppDelegate.swift; sourceTree = "<group>"; };
		C055E42E1CCDB603001A2264 /* Base */ = {isa = PBXFileReference; lastKnownFileType = file.storyboard; name = Base; path = Base.lproj/Main.storyboard; sourceTree = "<group>"; };
		C055E4301CCDB603001A2264 /* Assets.xcassets */ = {isa = PBXFileReference; lastKnownFileType = folder.assetcatalog; path = Assets.xcassets; sourceTree = "<group>"; };
		C055E4331CCDB603001A2264 /* Base */ = {isa = PBXFileReference; lastKnownFileType = file.storyboard; name = Base; path = Base.lproj/LaunchScreen.storyboard; sourceTree = "<group>"; };
		C055E4351CCDB603001A2264 /* Info.plist */ = {isa = PBXFileReference; lastKnownFileType = text.plist.xml; path = Info.plist; sourceTree = "<group>"; };
		C055E43B1CCDBE3D001A2264 /* QuestionList.swift */ = {isa = PBXFileReference; fileEncoding = 4; lastKnownFileType = sourcecode.swift; path = QuestionList.swift; sourceTree = "<group>"; };
		C055E43D1CCDBF79001A2264 /* questions.plist */ = {isa = PBXFileReference; fileEncoding = 4; lastKnownFileType = text.plist.xml; path = questions.plist; sourceTree = "<group>"; };
/* End PBXFileReference section */

/* Begin PBXFrameworksBuildPhase section */
		C055E4231CCDB603001A2264 /* Frameworks */ = {
			isa = PBXFrameworksBuildPhase;
			buildActionMask = 2147483647;
			files = (
			);
			runOnlyForDeploymentPostprocessing = 0;
		};
/* End PBXFrameworksBuildPhase section */

/* Begin PBXGroup section */
		C055E41D1CCDB603001A2264 = {
			isa = PBXGroup;
			children = (
				C055E4281CCDB603001A2264 /* QuizApp */,
				C055E4271CCDB603001A2264 /* Products */,
			);
			sourceTree = "<group>";
		};
		C055E4271CCDB603001A2264 /* Products */ = {
			isa = PBXGroup;
			children = (
				C055E4261CCDB603001A2264 /* QuizApp.app */,
			);
			name = Products;
			sourceTree = "<group>";
		};
		C055E4281CCDB603001A2264 /* QuizApp */ = {
			isa = PBXGroup;
			children = (
				C055E4291CCDB603001A2264 /* AppDelegate.swift */,
				C055E42D1CCDB603001A2264 /* Main.storyboard */,
				C055E4301CCDB603001A2264 /* Assets.xcassets */,
				C055E4321CCDB603001A2264 /* LaunchScreen.storyboard */,
				C055E4351CCDB603001A2264 /* Info.plist */,
				C055E43B1CCDBE3D001A2264 /* QuestionList.swift */,
				C055E43D1CCDBF79001A2264 /* questions.plist */,
			);
			path = QuizApp;
			sourceTree = "<group>";
		};
/* End PBXGroup section */

/* Begin PBXNativeTarget section */
		C055E4251CCDB603001A2264 /* QuizApp */ = {
			isa = PBXNativeTarget;
			buildConfigurationList = C055E4381CCDB603001A2264 /* Build configuration list for PBXNativeTarget "QuizApp" */;
			buildPhases = (
				C055E4221CCDB603001A2264 /* Sources */,
				C055E4231CCDB603001A2264 /* Frameworks */,
				C055E4241CCDB603001A2264 /* Resources */,
			);
			buildRules = (
			);
			dependencies = (
			);
			name = QuizApp;
			productName = QuizApp;
			productReference = C055E4261CCDB603001A2264 /* QuizApp.app */;
			productType = "com.apple.product-type.application";
		};
/* End PBXNativeTarget section */

/* Begin PBXProject section */
		C055E41E1CCDB603001A2264 /* Project object */ = {
			isa = PBXProject;
			attributes = {
				LastSwiftUpdateCheck = 0730;
				LastUpgradeCheck = 0730;
				ORGANIZATIONNAME = CSUSM;
				TargetAttributes = {
					C055E4251CCDB603001A2264 = {
						CreatedOnToolsVersion = 7.3;
						DevelopmentTeam = XD3G7X6RW3;
					};
				};
			};
			buildConfigurationList = C055E4211CCDB603001A2264 /* Build configuration list for PBXProject "QuizApp" */;
			compatibilityVersion = "Xcode 3.2";
			developmentRegion = English;
			hasScannedForEncodings = 0;
			knownRegions = (
				en,
				Base,
			);
			mainGroup = C055E41D1CCDB603001A2264;
			productRefGroup = C055E4271CCDB603001A2264 /* Products */;
			projectDirPath = "";
			projectRoot = "";
			targets = (
				C055E4251CCDB603001A2264 /* QuizApp */,
			);
		};
/* End PBXProject section */

/* Begin PBXResourcesBuildPhase section */
		C055E4241CCDB603001A2264 /* Resources */ = {
			isa = PBXResourcesBuildPhase;
			buildActionMask = 2147483647;
			files = (
				C055E43E1CCDBF79001A2264 /* questions.plist in Resources */,
				C055E4341CCDB603001A2264 /* LaunchScreen.storyboard in Resources */,
				C055E4311CCDB603001A2264 /* Assets.xcassets in Resources */,
				C055E42F1CCDB603001A2264 /* Main.storyboard in Resources */,
			);
			runOnlyForDeploymentPostprocessing = 0;
		};
/* End PBXResourcesBuildPhase section */

/* Begin PBXSourcesBuildPhase section */
		C055E4221CCDB603001A2264 /* Sources */ = {
			isa = PBXSourcesBuildPhase;
			buildActionMask = 2147483647;
			files = (
				C055E42A1CCDB603001A2264 /* AppDelegate.swift in Sources */,
				C055E43C1CCDBE3D001A2264 /* QuestionList.swift in Sources */,
			);
			runOnlyForDeploymentPostprocessing = 0;
		};
/* End PBXSourcesBuildPhase section */

/* Begin PBXVariantGroup section */
		C055E42D1CCDB603001A2264 /* Main.storyboard */ = {
			isa = PBXVariantGroup;
			children = (
				C055E42E1CCDB603001A2264 /* Base */,
			);
			name = Main.storyboard;
			sourceTree = "<group>";
		};
		C055E4321CCDB603001A2264 /* LaunchScreen.storyboard */ = {
			isa = PBXVariantGroup;
			children = (
				C055E4331CCDB603001A2264 /* Base */,
			);
			name = LaunchScreen.storyboard;
			sourceTree = "<group>";
		};
/* End PBXVariantGroup section */

/* Begin XCBuildConfiguration section */
		C055E4361CCDB603001A2264 /* Debug */ = {
			isa = XCBuildConfiguration;
			buildSettings = {
				ALWAYS_SEARCH_USER_PATHS = NO;
				CLANG_ANALYZER_NONNULL = YES;
				CLANG_CXX_LANGUAGE_STANDARD = "gnu++0x";
				CLANG_CXX_LIBRARY = "libc++";
				CLANG_ENABLE_MODULES = YES;
				CLANG_ENABLE_OBJC_ARC = YES;
				CLANG_WARN_BOOL_CONVERSION = YES;
				CLANG_WARN_CONSTANT_CONVERSION = YES;
				CLANG_WARN_DIRECT_OBJC_ISA_USAGE = YES_ERROR;
				CLANG_WARN_EMPTY_BODY = YES;
				CLANG_WARN_ENUM_CONVERSION = YES;
				CLANG_WARN_INT_CONVERSION = YES;
				CLANG_WARN_OBJC_ROOT_CLASS = YES_ERROR;
				CLANG_WARN_UNREACHABLE_CODE = YES;
				CLANG_WARN__DUPLICATE_METHOD_MATCH = YES;
				"CODE_SIGN_IDENTITY[sdk=iphoneos*]" = "iPhone Developer";
				COPY_PHASE_STRIP = NO;
				DEBUG_INFORMATION_FORMAT = dwarf;
				ENABLE_STRICT_OBJC_MSGSEND = YES;
				ENABLE_TESTABILITY = YES;
				GCC_C_LANGUAGE_STANDARD = gnu99;
				GCC_DYNAMIC_NO_PIC = NO;
				GCC_NO_COMMON_BLOCKS = YES;
				GCC_OPTIMIZATION_LEVEL = 0;
				GCC_PREPROCESSOR_DEFINITIONS = (
					"DEBUG=1",
					"$(inherited)",
				);
				GCC_WARN_64_TO_32_BIT_CONVERSION = YES;
				GCC_WARN_ABOUT_RETURN_TYPE = YES_ERROR;
				GCC_WARN_UNDECLARED_SELECTOR = YES;
				GCC_WARN_UNINITIALIZED_AUTOS = YES_AGGRESSIVE;
				GCC_WARN_UNUSED_FUNCTION = YES;
				GCC_WARN_UNUSED_VARIABLE = YES;
				IPHONEOS_DEPLOYMENT_TARGET = 9.3;
				MTL_ENABLE_DEBUG_INFO = YES;
				ONLY_ACTIVE_ARCH = YES;
				SDKROOT = iphoneos;
				SWIFT_OPTIMIZATION_LEVEL = "-Onone";
				TARGETED_DEVICE_FAMILY = "1,2";
			};
			name = Debug;
		};
		C055E4371CCDB603001A2264 /* Release */ = {
			isa = XCBuildConfiguration;
			buildSettings = {
				ALWAYS_SEARCH_USER_PATHS = NO;
				CLANG_ANALYZER_NONNULL = YES;
				CLANG_CXX_LANGUAGE_STANDARD = "gnu++0x";
				CLANG_CXX_LIBRARY = "libc++";
				CLANG_ENABLE_MODULES = YES;
				CLANG_ENABLE_OBJC_ARC = YES;
				CLANG_WARN_BOOL_CONVERSION = YES;
				CLANG_WARN_CONSTANT_CONVERSION = YES;
				CLANG_WARN_DIRECT_OBJC_ISA_USAGE = YES_ERROR;
				CLANG_WARN_EMPTY_BODY = YES;
				CLANG_WARN_ENUM_CONVERSION = YES;
				CLANG_WARN_INT_CONVERSION = YES;
				CLANG_WARN_OBJC_ROOT_CLASS = YES_ERROR;
				CLANG_WARN_UNREACHABLE_CODE = YES;
				CLANG_WARN__DUPLICATE_METHOD_MATCH = YES;
				"CODE_SIGN_IDENTITY[sdk=iphoneos*]" = "iPhone Developer";
				COPY_PHASE_STRIP = NO;
				DEBUG_INFORMATION_FORMAT = "dwarf-with-dsym";
				ENABLE_NS_ASSERTIONS = NO;
				ENABLE_STRICT_OBJC_MSGSEND = YES;
				GCC_C_LANGUAGE_STANDARD = gnu99;
				GCC_NO_COMMON_BLOCKS = YES;
				GCC_WARN_64_TO_32_BIT_CONVERSION = YES;
				GCC_WARN_ABOUT_RETURN_TYPE = YES_ERROR;
				GCC_WARN_UNDECLARED_SELECTOR = YES;
				GCC_WARN_UNINITIALIZED_AUTOS = YES_AGGRESSIVE;
				GCC_WARN_UNUSED_FUNCTION = YES;
				GCC_WARN_UNUSED_VARIABLE = YES;
				IPHONEOS_DEPLOYMENT_TARGET = 9.3;
				MTL_ENABLE_DEBUG_INFO = NO;
				SDKROOT = iphoneos;
				TARGETED_DEVICE_FAMILY = "1,2";
				VALIDATE_PRODUCT = YES;
			};
			name = Release;
		};
		C055E4391CCDB603001A2264 /* Debug */ = {
			isa = XCBuildConfiguration;
			buildSettings = {
				ASSETCATALOG_COMPILER_APPICON_NAME = AppIcon;
				INFOPLIST_FILE = QuizApp/Info.plist;
				IPHONEOS_DEPLOYMENT_TARGET = 9.2;
				LD_RUNPATH_SEARCH_PATHS = "$(inherited) @executable_path/Frameworks";
				PRODUCT_BUNDLE_IDENTIFIER = me.gabev.QuizApp;
				PRODUCT_NAME = "$(TARGET_NAME)";
			};
			name = Debug;
		};
		C055E43A1CCDB603001A2264 /* Release */ = {
			isa = XCBuildConfiguration;
			buildSettings = {
				ASSETCATALOG_COMPILER_APPICON_NAME = AppIcon;
				INFOPLIST_FILE = QuizApp/Info.plist;
				IPHONEOS_DEPLOYMENT_TARGET = 9.2;
				LD_RUNPATH_SEARCH_PATHS = "$(inherited) @executable_path/Frameworks";
				PRODUCT_BUNDLE_IDENTIFIER = me.gabev.QuizApp;
				PRODUCT_NAME = "$(TARGET_NAME)";
			};
			name = Release;
		};
/* End XCBuildConfiguration section */

/* Begin XCConfigurationList section */
		C055E4211CCDB603001A2264 /* Build configuration list for PBXProject "QuizApp" */ = {
			isa = XCConfigurationList;
			buildConfigurations = (
				C055E4361CCDB603001A2264 /* Debug */,
				C055E4371CCDB603001A2264 /* Release */,
			);
			defaultConfigurationIsVisible = 0;
			defaultConfigurationName = Release;
		};
		C055E4381CCDB603001A2264 /* Build configuration list for PBXNativeTarget "QuizApp" */ = {
			isa = XCConfigurationList;
			buildConfigurations = (
				C055E4391CCDB603001A2264 /* Debug */,
				C055E43A1CCDB603001A2264 /* Release */,
			);
			defaultConfigurationIsVisible = 0;
		};
/* End XCConfigurationList section */
	};
	rootObject = C055E41E1CCDB603001A2264 /* Project object */;
}
