// !$*UTF8*$!
{
	archiveVersion = 1;
	classes = {
	};
	objectVersion = 46;
	objects = {

/* Begin PBXBuildFile section */
		C0F2BE0D1CB3988200C77722 /* AppDelegate.swift in Sources */ = {isa = PBXBuildFile; fileRef = C0F2BE0C1CB3988200C77722 /* AppDelegate.swift */; };
		C0F2BE0F1CB3988200C77722 /* ViewController.swift in Sources */ = {isa = PBXBuildFile; fileRef = C0F2BE0E1CB3988200C77722 /* ViewController.swift */; };
		C0F2BE121CB3988200C77722 /* Main.storyboard in Resources */ = {isa = PBXBuildFile; fileRef = C0F2BE101CB3988200C77722 /* Main.storyboard */; };
		C0F2BE141CB3988200C77722 /* Assets.xcassets in Resources */ = {isa = PBXBuildFile; fileRef = C0F2BE131CB3988200C77722 /* Assets.xcassets */; };
		C0F2BE171CB3988200C77722 /* LaunchScreen.storyboard in Resources */ = {isa = PBXBuildFile; fileRef = C0F2BE151CB3988200C77722 /* LaunchScreen.storyboard */; };
		C0F2BE1F1CB39A3F00C77722 /* UnitConverterController.swift in Sources */ = {isa = PBXBuildFile; fileRef = C0F2BE1E1CB39A3F00C77722 /* UnitConverterController.swift */; };
		C0F2BE211CB39A5500C77722 /* DateInfoController.swift in Sources */ = {isa = PBXBuildFile; fileRef = C0F2BE201CB39A5500C77722 /* DateInfoController.swift */; };
		C0F2BE231CB39AA600C77722 /* BookInfoController.swift in Sources */ = {isa = PBXBuildFile; fileRef = C0F2BE221CB39AA600C77722 /* BookInfoController.swift */; };
		C0F2BE251CB39ABD00C77722 /* books.plist in Resources */ = {isa = PBXBuildFile; fileRef = C0F2BE241CB39ABD00C77722 /* books.plist */; };
/* End PBXBuildFile section */

/* Begin PBXFileReference section */
		C0F2BE091CB3988200C77722 /* TabBarApp.app */ = {isa = PBXFileReference; explicitFileType = wrapper.application; includeInIndex = 0; path = TabBarApp.app; sourceTree = BUILT_PRODUCTS_DIR; };
		C0F2BE0C1CB3988200C77722 /* AppDelegate.swift */ = {isa = PBXFileReference; lastKnownFileType = sourcecode.swift; path = AppDelegate.swift; sourceTree = "<group>"; };
		C0F2BE0E1CB3988200C77722 /* ViewController.swift */ = {isa = PBXFileReference; lastKnownFileType = sourcecode.swift; path = ViewController.swift; sourceTree = "<group>"; };
		C0F2BE111CB3988200C77722 /* Base */ = {isa = PBXFileReference; lastKnownFileType = file.storyboard; name = Base; path = Base.lproj/Main.storyboard; sourceTree = "<group>"; };
		C0F2BE131CB3988200C77722 /* Assets.xcassets */ = {isa = PBXFileReference; lastKnownFileType = folder.assetcatalog; path = Assets.xcassets; sourceTree = "<group>"; };
		C0F2BE161CB3988200C77722 /* Base */ = {isa = PBXFileReference; lastKnownFileType = file.storyboard; name = Base; path = Base.lproj/LaunchScreen.storyboard; sourceTree = "<group>"; };
		C0F2BE181CB3988200C77722 /* Info.plist */ = {isa = PBXFileReference; lastKnownFileType = text.plist.xml; path = Info.plist; sourceTree = "<group>"; };
		C0F2BE1E1CB39A3F00C77722 /* UnitConverterController.swift */ = {isa = PBXFileReference; fileEncoding = 4; lastKnownFileType = sourcecode.swift; path = UnitConverterController.swift; sourceTree = "<group>"; };
		C0F2BE201CB39A5500C77722 /* DateInfoController.swift */ = {isa = PBXFileReference; fileEncoding = 4; lastKnownFileType = sourcecode.swift; path = DateInfoController.swift; sourceTree = "<group>"; };
		C0F2BE221CB39AA600C77722 /* BookInfoController.swift */ = {isa = PBXFileReference; fileEncoding = 4; lastKnownFileType = sourcecode.swift; path = BookInfoController.swift; sourceTree = "<group>"; };
		C0F2BE241CB39ABD00C77722 /* books.plist */ = {isa = PBXFileReference; fileEncoding = 4; lastKnownFileType = text.plist.xml; path = books.plist; sourceTree = "<group>"; };
/* End PBXFileReference section */

/* Begin PBXFrameworksBuildPhase section */
		C0F2BE061CB3988200C77722 /* Frameworks */ = {
			isa = PBXFrameworksBuildPhase;
			buildActionMask = 2147483647;
			files = (
			);
			runOnlyForDeploymentPostprocessing = 0;
		};
/* End PBXFrameworksBuildPhase section */

/* Begin PBXGroup section */
		C0F2BE001CB3988200C77722 = {
			isa = PBXGroup;
			children = (
				C0F2BE0B1CB3988200C77722 /* TabBarApp */,
				C0F2BE0A1CB3988200C77722 /* Products */,
			);
			sourceTree = "<group>";
		};
		C0F2BE0A1CB3988200C77722 /* Products */ = {
			isa = PBXGroup;
			children = (
				C0F2BE091CB3988200C77722 /* TabBarApp.app */,
			);
			name = Products;
			sourceTree = "<group>";
		};
		C0F2BE0B1CB3988200C77722 /* TabBarApp */ = {
			isa = PBXGroup;
			children = (
				C0F2BE0C1CB3988200C77722 /* AppDelegate.swift */,
				C0F2BE0E1CB3988200C77722 /* ViewController.swift */,
				C0F2BE101CB3988200C77722 /* Main.storyboard */,
				C0F2BE1E1CB39A3F00C77722 /* UnitConverterController.swift */,
				C0F2BE201CB39A5500C77722 /* DateInfoController.swift */,
				C0F2BE221CB39AA600C77722 /* BookInfoController.swift */,
				C0F2BE131CB3988200C77722 /* Assets.xcassets */,
				C0F2BE151CB3988200C77722 /* LaunchScreen.storyboard */,
				C0F2BE181CB3988200C77722 /* Info.plist */,
				C0F2BE241CB39ABD00C77722 /* books.plist */,
			);
			path = TabBarApp;
			sourceTree = "<group>";
		};
/* End PBXGroup section */

/* Begin PBXNativeTarget section */
		C0F2BE081CB3988200C77722 /* TabBarApp */ = {
			isa = PBXNativeTarget;
			buildConfigurationList = C0F2BE1B1CB3988200C77722 /* Build configuration list for PBXNativeTarget "TabBarApp" */;
			buildPhases = (
				C0F2BE051CB3988200C77722 /* Sources */,
				C0F2BE061CB3988200C77722 /* Frameworks */,
				C0F2BE071CB3988200C77722 /* Resources */,
			);
			buildRules = (
			);
			dependencies = (
			);
			name = TabBarApp;
			productName = TabBarApp;
			productReference = C0F2BE091CB3988200C77722 /* TabBarApp.app */;
			productType = "com.apple.product-type.application";
		};
/* End PBXNativeTarget section */

/* Begin PBXProject section */
		C0F2BE011CB3988200C77722 /* Project object */ = {
			isa = PBXProject;
			attributes = {
				LastSwiftUpdateCheck = 0730;
				LastUpgradeCheck = 0730;
				ORGANIZATIONNAME = CSUSM;
				TargetAttributes = {
					C0F2BE081CB3988200C77722 = {
						CreatedOnToolsVersion = 7.3;
						DevelopmentTeam = XD3G7X6RW3;
					};
				};
			};
			buildConfigurationList = C0F2BE041CB3988200C77722 /* Build configuration list for PBXProject "TabBarApp" */;
			compatibilityVersion = "Xcode 3.2";
			developmentRegion = English;
			hasScannedForEncodings = 0;
			knownRegions = (
				en,
				Base,
			);
			mainGroup = C0F2BE001CB3988200C77722;
			productRefGroup = C0F2BE0A1CB3988200C77722 /* Products */;
			projectDirPath = "";
			projectRoot = "";
			targets = (
				C0F2BE081CB3988200C77722 /* TabBarApp */,
			);
		};
/* End PBXProject section */

/* Begin PBXResourcesBuildPhase section */
		C0F2BE071CB3988200C77722 /* Resources */ = {
			isa = PBXResourcesBuildPhase;
			buildActionMask = 2147483647;
			files = (
				C0F2BE171CB3988200C77722 /* LaunchScreen.storyboard in Resources */,
				C0F2BE141CB3988200C77722 /* Assets.xcassets in Resources */,
				C0F2BE121CB3988200C77722 /* Main.storyboard in Resources */,
				C0F2BE251CB39ABD00C77722 /* books.plist in Resources */,
			);
			runOnlyForDeploymentPostprocessing = 0;
		};
/* End PBXResourcesBuildPhase section */

/* Begin PBXSourcesBuildPhase section */
		C0F2BE051CB3988200C77722 /* Sources */ = {
			isa = PBXSourcesBuildPhase;
			buildActionMask = 2147483647;
			files = (
				C0F2BE1F1CB39A3F00C77722 /* UnitConverterController.swift in Sources */,
				C0F2BE231CB39AA600C77722 /* BookInfoController.swift in Sources */,
				C0F2BE211CB39A5500C77722 /* DateInfoController.swift in Sources */,
				C0F2BE0F1CB3988200C77722 /* ViewController.swift in Sources */,
				C0F2BE0D1CB3988200C77722 /* AppDelegate.swift in Sources */,
			);
			runOnlyForDeploymentPostprocessing = 0;
		};
/* End PBXSourcesBuildPhase section */

/* Begin PBXVariantGroup section */
		C0F2BE101CB3988200C77722 /* Main.storyboard */ = {
			isa = PBXVariantGroup;
			children = (
				C0F2BE111CB3988200C77722 /* Base */,
			);
			name = Main.storyboard;
			sourceTree = "<group>";
		};
		C0F2BE151CB3988200C77722 /* LaunchScreen.storyboard */ = {
			isa = PBXVariantGroup;
			children = (
				C0F2BE161CB3988200C77722 /* Base */,
			);
			name = LaunchScreen.storyboard;
			sourceTree = "<group>";
		};
/* End PBXVariantGroup section */

/* Begin XCBuildConfiguration section */
		C0F2BE191CB3988200C77722 /* Debug */ = {
			isa = XCBuildConfiguration;
			buildSettings = {
				ALWAYS_SEARCH_USER_PATHS = NO;
				CLANG_ANALYZER_NONNULL = YES;
				CLANG_CXX_LANGUAGE_STANDARD = "gnu++0x";
				CLANG_CXX_LIBRARY = "libc++";
				CLANG_ENABLE_MODULES = YES;
				CLANG_ENABLE_OBJC_ARC = YES;
				CLANG_WARN_BOOL_CONVERSION = YES;
				CLANG_WARN_CONSTANT_CONVERSION = YES;
				CLANG_WARN_DIRECT_OBJC_ISA_USAGE = YES_ERROR;
				CLANG_WARN_EMPTY_BODY = YES;
				CLANG_WARN_ENUM_CONVERSION = YES;
				CLANG_WARN_INT_CONVERSION = YES;
				CLANG_WARN_OBJC_ROOT_CLASS = YES_ERROR;
				CLANG_WARN_UNREACHABLE_CODE = YES;
				CLANG_WARN__DUPLICATE_METHOD_MATCH = YES;
				"CODE_SIGN_IDENTITY[sdk=iphoneos*]" = "iPhone Developer";
				COPY_PHASE_STRIP = NO;
				DEBUG_INFORMATION_FORMAT = dwarf;
				ENABLE_STRICT_OBJC_MSGSEND = YES;
				ENABLE_TESTABILITY = YES;
				GCC_C_LANGUAGE_STANDARD = gnu99;
				GCC_DYNAMIC_NO_PIC = NO;
				GCC_NO_COMMON_BLOCKS = YES;
				GCC_OPTIMIZATION_LEVEL = 0;
				GCC_PREPROCESSOR_DEFINITIONS = (
					"DEBUG=1",
					"$(inherited)",
				);
				GCC_WARN_64_TO_32_BIT_CONVERSION = YES;
				GCC_WARN_ABOUT_RETURN_TYPE = YES_ERROR;
				GCC_WARN_UNDECLARED_SELECTOR = YES;
				GCC_WARN_UNINITIALIZED_AUTOS = YES_AGGRESSIVE;
				GCC_WARN_UNUSED_FUNCTION = YES;
				GCC_WARN_UNUSED_VARIABLE = YES;
				IPHONEOS_DEPLOYMENT_TARGET = 9.3;
				MTL_ENABLE_DEBUG_INFO = YES;
				ONLY_ACTIVE_ARCH = YES;
				SDKROOT = iphoneos;
				SWIFT_OPTIMIZATION_LEVEL = "-Onone";
				TARGETED_DEVICE_FAMILY = "1,2";
			};
			name = Debug;
		};
		C0F2BE1A1CB3988200C77722 /* Release */ = {
			isa = XCBuildConfiguration;
			buildSettings = {
				ALWAYS_SEARCH_USER_PATHS = NO;
				CLANG_ANALYZER_NONNULL = YES;
				CLANG_CXX_LANGUAGE_STANDARD = "gnu++0x";
				CLANG_CXX_LIBRARY = "libc++";
				CLANG_ENABLE_MODULES = YES;
				CLANG_ENABLE_OBJC_ARC = YES;
				CLANG_WARN_BOOL_CONVERSION = YES;
				CLANG_WARN_CONSTANT_CONVERSION = YES;
				CLANG_WARN_DIRECT_OBJC_ISA_USAGE = YES_ERROR;
				CLANG_WARN_EMPTY_BODY = YES;
				CLANG_WARN_ENUM_CONVERSION = YES;
				CLANG_WARN_INT_CONVERSION = YES;
				CLANG_WARN_OBJC_ROOT_CLASS = YES_ERROR;
				CLANG_WARN_UNREACHABLE_CODE = YES;
				CLANG_WARN__DUPLICATE_METHOD_MATCH = YES;
				"CODE_SIGN_IDENTITY[sdk=iphoneos*]" = "iPhone Developer";
				COPY_PHASE_STRIP = NO;
				DEBUG_INFORMATION_FORMAT = "dwarf-with-dsym";
				ENABLE_NS_ASSERTIONS = NO;
				ENABLE_STRICT_OBJC_MSGSEND = YES;
				GCC_C_LANGUAGE_STANDARD = gnu99;
				GCC_NO_COMMON_BLOCKS = YES;
				GCC_WARN_64_TO_32_BIT_CONVERSION = YES;
				GCC_WARN_ABOUT_RETURN_TYPE = YES_ERROR;
				GCC_WARN_UNDECLARED_SELECTOR = YES;
				GCC_WARN_UNINITIALIZED_AUTOS = YES_AGGRESSIVE;
				GCC_WARN_UNUSED_FUNCTION = YES;
				GCC_WARN_UNUSED_VARIABLE = YES;
				IPHONEOS_DEPLOYMENT_TARGET = 9.3;
				MTL_ENABLE_DEBUG_INFO = NO;
				SDKROOT = iphoneos;
				TARGETED_DEVICE_FAMILY = "1,2";
				VALIDATE_PRODUCT = YES;
			};
			name = Release;
		};
		C0F2BE1C1CB3988200C77722 /* Debug */ = {
			isa = XCBuildConfiguration;
			buildSettings = {
				ASSETCATALOG_COMPILER_APPICON_NAME = AppIcon;
				INFOPLIST_FILE = TabBarApp/Info.plist;
				IPHONEOS_DEPLOYMENT_TARGET = 9.2;
				LD_RUNPATH_SEARCH_PATHS = "$(inherited) @executable_path/Frameworks";
				PRODUCT_BUNDLE_IDENTIFIER = me.gabev.TabBarApp;
				PRODUCT_NAME = "$(TARGET_NAME)";
			};
			name = Debug;
		};
		C0F2BE1D1CB3988200C77722 /* Release */ = {
			isa = XCBuildConfiguration;
			buildSettings = {
				ASSETCATALOG_COMPILER_APPICON_NAME = AppIcon;
				INFOPLIST_FILE = TabBarApp/Info.plist;
				IPHONEOS_DEPLOYMENT_TARGET = 9.2;
				LD_RUNPATH_SEARCH_PATHS = "$(inherited) @executable_path/Frameworks";
				PRODUCT_BUNDLE_IDENTIFIER = me.gabev.TabBarApp;
				PRODUCT_NAME = "$(TARGET_NAME)";
			};
			name = Release;
		};
/* End XCBuildConfiguration section */

/* Begin XCConfigurationList section */
		C0F2BE041CB3988200C77722 /* Build configuration list for PBXProject "TabBarApp" */ = {
			isa = XCConfigurationList;
			buildConfigurations = (
				C0F2BE191CB3988200C77722 /* Debug */,
				C0F2BE1A1CB3988200C77722 /* Release */,
			);
			defaultConfigurationIsVisible = 0;
			defaultConfigurationName = Release;
		};
		C0F2BE1B1CB3988200C77722 /* Build configuration list for PBXNativeTarget "TabBarApp" */ = {
			isa = XCConfigurationList;
			buildConfigurations = (
				C0F2BE1C1CB3988200C77722 /* Debug */,
				C0F2BE1D1CB3988200C77722 /* Release */,
			);
			defaultConfigurationIsVisible = 0;
		};
/* End XCConfigurationList section */
	};
	rootObject = C0F2BE011CB3988200C77722 /* Project object */;
}
