// !$*UTF8*$!
{
	archiveVersion = 1;
	classes = {
	};
	objectVersion = 46;
	objects = {

/* Begin PBXBuildFile section */
		C058BE641C9919E500866534 /* AppDelegate.swift in Sources */ = {isa = PBXBuildFile; fileRef = C058BE631C9919E500866534 /* AppDelegate.swift */; };
		C058BE661C9919E500866534 /* ViewController.swift in Sources */ = {isa = PBXBuildFile; fileRef = C058BE651C9919E500866534 /* ViewController.swift */; };
		C058BE691C9919E500866534 /* Main.storyboard in Resources */ = {isa = PBXBuildFile; fileRef = C058BE671C9919E500866534 /* Main.storyboard */; };
		C058BE6B1C9919E500866534 /* Assets.xcassets in Resources */ = {isa = PBXBuildFile; fileRef = C058BE6A1C9919E500866534 /* Assets.xcassets */; };
		C058BE6E1C9919E500866534 /* LaunchScreen.storyboard in Resources */ = {isa = PBXBuildFile; fileRef = C058BE6C1C9919E500866534 /* LaunchScreen.storyboard */; };
/* End PBXBuildFile section */

/* Begin PBXFileReference section */
		C058BE601C9919E500866534 /* Hello World.app */ = {isa = PBXFileReference; explicitFileType = wrapper.application; includeInIndex = 0; path = "Hello World.app"; sourceTree = BUILT_PRODUCTS_DIR; };
		C058BE631C9919E500866534 /* AppDelegate.swift */ = {isa = PBXFileReference; lastKnownFileType = sourcecode.swift; path = AppDelegate.swift; sourceTree = "<group>"; };
		C058BE651C9919E500866534 /* ViewController.swift */ = {isa = PBXFileReference; lastKnownFileType = sourcecode.swift; path = ViewController.swift; sourceTree = "<group>"; };
		C058BE681C9919E500866534 /* Base */ = {isa = PBXFileReference; lastKnownFileType = file.storyboard; name = Base; path = Base.lproj/Main.storyboard; sourceTree = "<group>"; };
		C058BE6A1C9919E500866534 /* Assets.xcassets */ = {isa = PBXFileReference; lastKnownFileType = folder.assetcatalog; path = Assets.xcassets; sourceTree = "<group>"; };
		C058BE6D1C9919E500866534 /* Base */ = {isa = PBXFileReference; lastKnownFileType = file.storyboard; name = Base; path = Base.lproj/LaunchScreen.storyboard; sourceTree = "<group>"; };
		C058BE6F1C9919E500866534 /* Info.plist */ = {isa = PBXFileReference; lastKnownFileType = text.plist.xml; path = Info.plist; sourceTree = "<group>"; };
/* End PBXFileReference section */

/* Begin PBXFrameworksBuildPhase section */
		C058BE5D1C9919E500866534 /* Frameworks */ = {
			isa = PBXFrameworksBuildPhase;
			buildActionMask = 2147483647;
			files = (
			);
			runOnlyForDeploymentPostprocessing = 0;
		};
/* End PBXFrameworksBuildPhase section */

/* Begin PBXGroup section */
		C058BE571C9919E500866534 = {
			isa = PBXGroup;
			children = (
				C058BE621C9919E500866534 /* Hello World */,
				C058BE611C9919E500866534 /* Products */,
			);
			sourceTree = "<group>";
		};
		C058BE611C9919E500866534 /* Products */ = {
			isa = PBXGroup;
			children = (
				C058BE601C9919E500866534 /* Hello World.app */,
			);
			name = Products;
			sourceTree = "<group>";
		};
		C058BE621C9919E500866534 /* Hello World */ = {
			isa = PBXGroup;
			children = (
				C058BE631C9919E500866534 /* AppDelegate.swift */,
				C058BE651C9919E500866534 /* ViewController.swift */,
				C058BE671C9919E500866534 /* Main.storyboard */,
				C058BE6A1C9919E500866534 /* Assets.xcassets */,
				C058BE6C1C9919E500866534 /* LaunchScreen.storyboard */,
				C058BE6F1C9919E500866534 /* Info.plist */,
			);
			path = "Hello World";
			sourceTree = "<group>";
		};
/* End PBXGroup section */

/* Begin PBXNativeTarget section */
		C058BE5F1C9919E500866534 /* Hello World */ = {
			isa = PBXNativeTarget;
			buildConfigurationList = C058BE721C9919E500866534 /* Build configuration list for PBXNativeTarget "Hello World" */;
			buildPhases = (
				C058BE5C1C9919E500866534 /* Sources */,
				C058BE5D1C9919E500866534 /* Frameworks */,
				C058BE5E1C9919E500866534 /* Resources */,
			);
			buildRules = (
			);
			dependencies = (
			);
			name = "Hello World";
			productName = "Hello World";
			productReference = C058BE601C9919E500866534 /* Hello World.app */;
			productType = "com.apple.product-type.application";
		};
/* End PBXNativeTarget section */

/* Begin PBXProject section */
		C058BE581C9919E500866534 /* Project object */ = {
			isa = PBXProject;
			attributes = {
				LastSwiftUpdateCheck = 0720;
				LastUpgradeCheck = 0720;
				ORGANIZATIONNAME = CSUSM;
				TargetAttributes = {
					C058BE5F1C9919E500866534 = {
						CreatedOnToolsVersion = 7.2.1;
						DevelopmentTeam = XD3G7X6RW3;
					};
				};
			};
			buildConfigurationList = C058BE5B1C9919E500866534 /* Build configuration list for PBXProject "Hello World" */;
			compatibilityVersion = "Xcode 3.2";
			developmentRegion = English;
			hasScannedForEncodings = 0;
			knownRegions = (
				en,
				Base,
			);
			mainGroup = C058BE571C9919E500866534;
			productRefGroup = C058BE611C9919E500866534 /* Products */;
			projectDirPath = "";
			projectRoot = "";
			targets = (
				C058BE5F1C9919E500866534 /* Hello World */,
			);
		};
/* End PBXProject section */

/* Begin PBXResourcesBuildPhase section */
		C058BE5E1C9919E500866534 /* Resources */ = {
			isa = PBXResourcesBuildPhase;
			buildActionMask = 2147483647;
			files = (
				C058BE6E1C9919E500866534 /* LaunchScreen.storyboard in Resources */,
				C058BE6B1C9919E500866534 /* Assets.xcassets in Resources */,
				C058BE691C9919E500866534 /* Main.storyboard in Resources */,
			);
			runOnlyForDeploymentPostprocessing = 0;
		};
/* End PBXResourcesBuildPhase section */

/* Begin PBXSourcesBuildPhase section */
		C058BE5C1C9919E500866534 /* Sources */ = {
			isa = PBXSourcesBuildPhase;
			buildActionMask = 2147483647;
			files = (
				C058BE661C9919E500866534 /* ViewController.swift in Sources */,
				C058BE641C9919E500866534 /* AppDelegate.swift in Sources */,
			);
			runOnlyForDeploymentPostprocessing = 0;
		};
/* End PBXSourcesBuildPhase section */

/* Begin PBXVariantGroup section */
		C058BE671C9919E500866534 /* Main.storyboard */ = {
			isa = PBXVariantGroup;
			children = (
				C058BE681C9919E500866534 /* Base */,
			);
			name = Main.storyboard;
			sourceTree = "<group>";
		};
		C058BE6C1C9919E500866534 /* LaunchScreen.storyboard */ = {
			isa = PBXVariantGroup;
			children = (
				C058BE6D1C9919E500866534 /* Base */,
			);
			name = LaunchScreen.storyboard;
			sourceTree = "<group>";
		};
/* End PBXVariantGroup section */

/* Begin XCBuildConfiguration section */
		C058BE701C9919E500866534 /* Debug */ = {
			isa = XCBuildConfiguration;
			buildSettings = {
				ALWAYS_SEARCH_USER_PATHS = NO;
				CLANG_CXX_LANGUAGE_STANDARD = "gnu++0x";
				CLANG_CXX_LIBRARY = "libc++";
				CLANG_ENABLE_MODULES = YES;
				CLANG_ENABLE_OBJC_ARC = YES;
				CLANG_WARN_BOOL_CONVERSION = YES;
				CLANG_WARN_CONSTANT_CONVERSION = YES;
				CLANG_WARN_DIRECT_OBJC_ISA_USAGE = YES_ERROR;
				CLANG_WARN_EMPTY_BODY = YES;
				CLANG_WARN_ENUM_CONVERSION = YES;
				CLANG_WARN_INT_CONVERSION = YES;
				CLANG_WARN_OBJC_ROOT_CLASS = YES_ERROR;
				CLANG_WARN_UNREACHABLE_CODE = YES;
				CLANG_WARN__DUPLICATE_METHOD_MATCH = YES;
				"CODE_SIGN_IDENTITY[sdk=iphoneos*]" = "iPhone Developer";
				COPY_PHASE_STRIP = NO;
				DEBUG_INFORMATION_FORMAT = dwarf;
				ENABLE_STRICT_OBJC_MSGSEND = YES;
				ENABLE_TESTABILITY = YES;
				GCC_C_LANGUAGE_STANDARD = gnu99;
				GCC_DYNAMIC_NO_PIC = NO;
				GCC_NO_COMMON_BLOCKS = YES;
				GCC_OPTIMIZATION_LEVEL = 0;
				GCC_PREPROCESSOR_DEFINITIONS = (
					"DEBUG=1",
					"$(inherited)",
				);
				GCC_WARN_64_TO_32_BIT_CONVERSION = YES;
				GCC_WARN_ABOUT_RETURN_TYPE = YES_ERROR;
				GCC_WARN_UNDECLARED_SELECTOR = YES;
				GCC_WARN_UNINITIALIZED_AUTOS = YES_AGGRESSIVE;
				GCC_WARN_UNUSED_FUNCTION = YES;
				GCC_WARN_UNUSED_VARIABLE = YES;
				IPHONEOS_DEPLOYMENT_TARGET = 9.2;
				MTL_ENABLE_DEBUG_INFO = YES;
				ONLY_ACTIVE_ARCH = YES;
				SDKROOT = iphoneos;
				SWIFT_OPTIMIZATION_LEVEL = "-Onone";
			};
			name = Debug;
		};
		C058BE711C9919E500866534 /* Release */ = {
			isa = XCBuildConfiguration;
			buildSettings = {
				ALWAYS_SEARCH_USER_PATHS = NO;
				CLANG_CXX_LANGUAGE_STANDARD = "gnu++0x";
				CLANG_CXX_LIBRARY = "libc++";
				CLANG_ENABLE_MODULES = YES;
				CLANG_ENABLE_OBJC_ARC = YES;
				CLANG_WARN_BOOL_CONVERSION = YES;
				CLANG_WARN_CONSTANT_CONVERSION = YES;
				CLANG_WARN_DIRECT_OBJC_ISA_USAGE = YES_ERROR;
				CLANG_WARN_EMPTY_BODY = YES;
				CLANG_WARN_ENUM_CONVERSION = YES;
				CLANG_WARN_INT_CONVERSION = YES;
				CLANG_WARN_OBJC_ROOT_CLASS = YES_ERROR;
				CLANG_WARN_UNREACHABLE_CODE = YES;
				CLANG_WARN__DUPLICATE_METHOD_MATCH = YES;
				"CODE_SIGN_IDENTITY[sdk=iphoneos*]" = "iPhone Developer";
				COPY_PHASE_STRIP = NO;
				DEBUG_INFORMATION_FORMAT = "dwarf-with-dsym";
				ENABLE_NS_ASSERTIONS = NO;
				ENABLE_STRICT_OBJC_MSGSEND = YES;
				GCC_C_LANGUAGE_STANDARD = gnu99;
				GCC_NO_COMMON_BLOCKS = YES;
				GCC_WARN_64_TO_32_BIT_CONVERSION = YES;
				GCC_WARN_ABOUT_RETURN_TYPE = YES_ERROR;
				GCC_WARN_UNDECLARED_SELECTOR = YES;
				GCC_WARN_UNINITIALIZED_AUTOS = YES_AGGRESSIVE;
				GCC_WARN_UNUSED_FUNCTION = YES;
				GCC_WARN_UNUSED_VARIABLE = YES;
				IPHONEOS_DEPLOYMENT_TARGET = 9.2;
				MTL_ENABLE_DEBUG_INFO = NO;
				SDKROOT = iphoneos;
				VALIDATE_PRODUCT = YES;
			};
			name = Release;
		};
		C058BE731C9919E500866534 /* Debug */ = {
			isa = XCBuildConfiguration;
			buildSettings = {
				ASSETCATALOG_COMPILER_APPICON_NAME = AppIcon;
				INFOPLIST_FILE = "Hello World/Info.plist";
				LD_RUNPATH_SEARCH_PATHS = "$(inherited) @executable_path/Frameworks";
				PRODUCT_BUNDLE_IDENTIFIER = "me.gabev.Hello-World";
				PRODUCT_NAME = "$(TARGET_NAME)";
			};
			name = Debug;
		};
		C058BE741C9919E500866534 /* Release */ = {
			isa = XCBuildConfiguration;
			buildSettings = {
				ASSETCATALOG_COMPILER_APPICON_NAME = AppIcon;
				INFOPLIST_FILE = "Hello World/Info.plist";
				LD_RUNPATH_SEARCH_PATHS = "$(inherited) @executable_path/Frameworks";
				PRODUCT_BUNDLE_IDENTIFIER = "me.gabev.Hello-World";
				PRODUCT_NAME = "$(TARGET_NAME)";
			};
			name = Release;
		};
/* End XCBuildConfiguration section */

/* Begin XCConfigurationList section */
		C058BE5B1C9919E500866534 /* Build configuration list for PBXProject "Hello World" */ = {
			isa = XCConfigurationList;
			buildConfigurations = (
				C058BE701C9919E500866534 /* Debug */,
				C058BE711C9919E500866534 /* Release */,
			);
			defaultConfigurationIsVisible = 0;
			defaultConfigurationName = Release;
		};
		C058BE721C9919E500866534 /* Build configuration list for PBXNativeTarget "Hello World" */ = {
			isa = XCConfigurationList;
			buildConfigurations = (
				C058BE731C9919E500866534 /* Debug */,
				C058BE741C9919E500866534 /* Release */,
			);
			defaultConfigurationIsVisible = 0;
		};
/* End XCConfigurationList section */
	};
	rootObject = C058BE581C9919E500866534 /* Project object */;
}
